
Microsoft Visual Studio Solution File, Format Version 12.00
# Visual Studio 15
VisualStudioVersion = 15.0.27130.2010
MinimumVisualStudioVersion = 10.0.40219.1
Project("{F2A71F9B-5D33-465A-A702-920D77279786}") = "Ch2", "Ch2\Ch2.fsproj", "{5DCA9BCD-B759-4F58-9274-2057BE11CE3B}"
EndProject
Global
	GlobalSection(SolutionConfigurationPlatforms) = preSolution
		Debug|Any CPU = Debug|Any CPU
		Release|Any CPU = Release|Any CPU
	EndGlobalSection
	GlobalSection(ProjectConfigurationPlatforms) = postSolution
		{5DCA9BCD-B759-4F58-9274-2057BE11CE3B}.Debug|Any CPU.ActiveCfg = Debug|Any CPU
		{5DCA9BCD-B759-4F58-9274-2057BE11CE3B}.Debug|Any CPU.Build.0 = Debug|Any CPU
		{5DCA9BCD-B759-4F58-9274-2057BE11CE3B}.Release|Any CPU.ActiveCfg = Release|Any CPU
		{5DCA9BCD-B759-4F58-9274-2057BE11CE3B}.Release|Any CPU.Build.0 = Release|Any CPU
	EndGlobalSection
	GlobalSection(SolutionProperties) = preSolution
		HideSolutionNode = FALSE
	EndGlobalSection
	GlobalSection(ExtensibilityGlobals) = postSolution
		SolutionGuid = {830D46A7-3C3A-40C7-BC15-1597730EAB9B}
	EndGlobalSection
EndGlobal
